
Microsoft Visual Studio Solution File, Format Version 12.00
# Visual Studio 14
VisualStudioVersion = 14.0.24720.0
MinimumVisualStudioVersion = 10.0.40219.1
Project("{FAE04EC0-301F-11D3-BF4B-00C04F79EFBC}") = "Messaging.Common", "Messaging\PubSub.Common\Messaging.Common.csproj", "{5FF7EEEF-44DD-4604-B6A0-A57A0DB59410}"
EndProject
Project("{FAE04EC0-301F-11D3-BF4B-00C04F79EFBC}") = "Messaging.NetMq", "Messaging\PubSub.NetMq\Messaging.NetMq.csproj", "{F5D6B5FD-F688-430D-A22B-03189FD1FCE7}"
EndProject
Project("{2150E333-8FDC-42A3-9474-1A3956D46DE8}") = ".nuget", ".nuget", "{0629E7F1-CA6C-4211-B18D-641CDB79C1F2}"
	ProjectSection(SolutionItems) = preProject
		.nuget\NuGet.Config = .nuget\NuGet.Config
		.nuget\NuGet.exe = .nuget\NuGet.exe
		.nuget\NuGet.targets = .nuget\NuGet.targets
	EndProjectSection
EndProject
Project("{FAE04EC0-301F-11D3-BF4B-00C04F79EFBC}") = "FailoverCluster", "Failover\FailoverCluster\FailoverCluster.csproj", "{C22897B5-9CC4-43BA-BCAA-83325826E08E}"
EndProject
Project("{FAE04EC0-301F-11D3-BF4B-00C04F79EFBC}") = "FailoverClusterConsole", "Failover\FailoverClusterConsole\FailoverClusterConsole.csproj", "{BB536AC9-42D3-4997-902C-BE30E4134F76}"
EndProject
Project("{FAE04EC0-301F-11D3-BF4B-00C04F79EFBC}") = "Tests", "Failover\FailoverClusterTests\Tests.csproj", "{EA5A2EFE-DE41-48CE-86C4-B1C87AA0CAB9}"
EndProject
Project("{FAE04EC0-301F-11D3-BF4B-00C04F79EFBC}") = "Messaging.Tests", "Messaging\Messaging.Tests\Messaging.Tests.csproj", "{6E843CFB-66A9-48C8-A610-3CF9A666E9E0}"
EndProject
Project("{2150E333-8FDC-42A3-9474-1A3956D46DE8}") = "Messaging", "Messaging", "{5EF0066D-80A8-4D8A-8686-C1DF88169A59}"
EndProject
Project("{2150E333-8FDC-42A3-9474-1A3956D46DE8}") = "Examples", "Examples", "{82AB223C-485A-4B07-9227-695D5AC5768C}"
EndProject
Project("{2150E333-8FDC-42A3-9474-1A3956D46DE8}") = "FeedEngine", "FeedEngine", "{97C4E3F5-C778-45F5-A15E-7C254B512147}"
EndProject
Project("{2150E333-8FDC-42A3-9474-1A3956D46DE8}") = "Failover", "Failover", "{57554EE4-2DC2-4E0E-8A36-65D79998140A}"
EndProject
Project("{2150E333-8FDC-42A3-9474-1A3956D46DE8}") = "Engines", "Engines", "{6AB37841-6F22-4F6D-93CF-5DF0F8B06DAA}"
EndProject
Project("{FAE04EC0-301F-11D3-BF4B-00C04F79EFBC}") = "QueuedTaskPool", "Engines\QueuedTaskPool\QueuedTaskPool.csproj", "{E072F423-352C-40AE-B2B0-D8D7089E7A8D}"
EndProject
Project("{FAE04EC0-301F-11D3-BF4B-00C04F79EFBC}") = "QueuedTaskPool.Tests", "Engines\QueuedTaskPool.Tests\QueuedTaskPool.Tests.csproj", "{510ABFEE-4F82-4952-8D95-AD38307AA795}"
EndProject
Project("{FAE04EC0-301F-11D3-BF4B-00C04F79EFBC}") = "CommandProcessor", "Engines\CommandProcessor\CommandProcessor.csproj", "{DBDADAE8-BD2C-421D-9204-1E7C8E6ABCB2}"
EndProject
Project("{FAE04EC0-301F-11D3-BF4B-00C04F79EFBC}") = "CommandProcessor.Tests", "Engines\CommandProcessor.Tests\CommandProcessor.Tests.csproj", "{BF536C5B-7877-4774-83BA-6725B66902DE}"
EndProject
Project("{2150E333-8FDC-42A3-9474-1A3956D46DE8}") = "Common", "Common", "{BA3CEB18-8ACF-4E79-BC53-1524C82E7CE4}"
EndProject
Project("{FAE04EC0-301F-11D3-BF4B-00C04F79EFBC}") = "Common", "Common\Common\Common.csproj", "{FAA1A0EE-C1B2-4BF7-9511-75990A007E83}"
EndProject
Project("{FAE04EC0-301F-11D3-BF4B-00C04F79EFBC}") = "FeedEngine.Contracts", "Examples\FeedEngine\FeedEngine.Contracts\FeedEngine.Contracts.csproj", "{ABC38414-BD8C-4EC7-A2E9-0A656B0DC201}"
EndProject
Project("{FAE04EC0-301F-11D3-BF4B-00C04F79EFBC}") = "FailoverCluster.TopShelf", "Failover\FailoverCluster.TopShelf\FailoverCluster.TopShelf.csproj", "{D4A88FC3-73AA-4D90-8D91-158C655CA4FD}"
EndProject
Project("{FAE04EC0-301F-11D3-BF4B-00C04F79EFBC}") = "FeedEngine.Gateway", "Examples\FeedEngine\FeedEngine.Core\FeedEngine.Gateway.csproj", "{BCD3B063-1FEA-4769-AF88-8F0ED4B65CA5}"
EndProject
Project("{FAE04EC0-301F-11D3-BF4B-00C04F79EFBC}") = "FeedEngine.Client", "Examples\FeedEngine\FeedEngine.Client\FeedEngine.Client.csproj", "{812A4A70-924B-4F2E-BF5E-4C62EEEAD580}"
EndProject
Project("{FAE04EC0-301F-11D3-BF4B-00C04F79EFBC}") = "FeedEngine.VirtualFeed", "Examples\FeedEngine\FeedEngine.VirtualFeed\FeedEngine.VirtualFeed.csproj", "{650172C0-EE4C-499C-BD74-DC045A93E4D0}"
EndProject
Project("{FAE04EC0-301F-11D3-BF4B-00C04F79EFBC}") = "FeedEngine.Client.Console", "Examples\FeedEngine\FeedEngine.Client.Console\FeedEngine.Client.Console.csproj", "{29DD0E40-F19C-46A4-92F8-A6ECC468D925}"
EndProject
Project("{FAE04EC0-301F-11D3-BF4B-00C04F79EFBC}") = "FeedEngine.Gateway.Host", "Examples\FeedEngine\FeedEngine.Gateway.Console\FeedEngine.Gateway.Host.csproj", "{45191BC7-27DC-4DEB-8FE4-D27BACE5B6FB}"
EndProject
Project("{2150E333-8FDC-42A3-9474-1A3956D46DE8}") = "Cache", "Cache", "{4E00C64B-195F-4190-BBD2-79AF445AB4A9}"
EndProject
Project("{FAE04EC0-301F-11D3-BF4B-00C04F79EFBC}") = "DistributedCache", "Cache\DistributedCache\DistributedCache.csproj", "{BCE69B1A-2598-4DF4-822B-F3BB6ECBEA95}"
EndProject
Project("{2150E333-8FDC-42A3-9474-1A3956D46DE8}") = "Collections", "Collections", "{1925735B-E2D0-4D7F-9A13-59DBD53B4EC8}"
EndProject
Project("{FAE04EC0-301F-11D3-BF4B-00C04F79EFBC}") = "Collections", "Collections\Collections\Collections.csproj", "{A5387234-893D-4913-823F-72C3F8266973}"
EndProject
Project("{FAE04EC0-301F-11D3-BF4B-00C04F79EFBC}") = "DistributedCache.Redis", "Cache\DistributedCache.Redis\DistributedCache.Redis.csproj", "{1DA1738C-2498-402B-8898-5C952289274D}"
EndProject
Project("{FAE04EC0-301F-11D3-BF4B-00C04F79EFBC}") = "DistributedCache.InProcess", "Cache\DistributedCache.InProcess\DistributedCache.InProcess.csproj", "{71C6CF09-AF7D-4F71-9FC5-DF0023CB15EC}"
EndProject
Project("{FAE04EC0-301F-11D3-BF4B-00C04F79EFBC}") = "DistributedCache.TestConsole", "Cache\DistributedCache.TestConsole\DistributedCache.TestConsole.csproj", "{1DC5C0C8-0EA9-4F1A-9065-8B907CCC4485}"
EndProject
Global
	GlobalSection(SolutionConfigurationPlatforms) = preSolution
		Debug|Any CPU = Debug|Any CPU
		Release|Any CPU = Release|Any CPU
	EndGlobalSection
	GlobalSection(ProjectConfigurationPlatforms) = postSolution
		{5FF7EEEF-44DD-4604-B6A0-A57A0DB59410}.Debug|Any CPU.ActiveCfg = Debug|Any CPU
		{5FF7EEEF-44DD-4604-B6A0-A57A0DB59410}.Debug|Any CPU.Build.0 = Debug|Any CPU
		{5FF7EEEF-44DD-4604-B6A0-A57A0DB59410}.Release|Any CPU.ActiveCfg = Release|Any CPU
		{5FF7EEEF-44DD-4604-B6A0-A57A0DB59410}.Release|Any CPU.Build.0 = Release|Any CPU
		{F5D6B5FD-F688-430D-A22B-03189FD1FCE7}.Debug|Any CPU.ActiveCfg = Debug|Any CPU
		{F5D6B5FD-F688-430D-A22B-03189FD1FCE7}.Debug|Any CPU.Build.0 = Debug|Any CPU
		{F5D6B5FD-F688-430D-A22B-03189FD1FCE7}.Release|Any CPU.ActiveCfg = Release|Any CPU
		{F5D6B5FD-F688-430D-A22B-03189FD1FCE7}.Release|Any CPU.Build.0 = Release|Any CPU
		{C22897B5-9CC4-43BA-BCAA-83325826E08E}.Debug|Any CPU.ActiveCfg = Debug|Any CPU
		{C22897B5-9CC4-43BA-BCAA-83325826E08E}.Debug|Any CPU.Build.0 = Debug|Any CPU
		{C22897B5-9CC4-43BA-BCAA-83325826E08E}.Release|Any CPU.ActiveCfg = Release|Any CPU
		{C22897B5-9CC4-43BA-BCAA-83325826E08E}.Release|Any CPU.Build.0 = Release|Any CPU
		{BB536AC9-42D3-4997-902C-BE30E4134F76}.Debug|Any CPU.ActiveCfg = Debug|Any CPU
		{BB536AC9-42D3-4997-902C-BE30E4134F76}.Debug|Any CPU.Build.0 = Debug|Any CPU
		{BB536AC9-42D3-4997-902C-BE30E4134F76}.Release|Any CPU.ActiveCfg = Release|Any CPU
		{BB536AC9-42D3-4997-902C-BE30E4134F76}.Release|Any CPU.Build.0 = Release|Any CPU
		{EA5A2EFE-DE41-48CE-86C4-B1C87AA0CAB9}.Debug|Any CPU.ActiveCfg = Debug|Any CPU
		{EA5A2EFE-DE41-48CE-86C4-B1C87AA0CAB9}.Debug|Any CPU.Build.0 = Debug|Any CPU
		{EA5A2EFE-DE41-48CE-86C4-B1C87AA0CAB9}.Release|Any CPU.ActiveCfg = Release|Any CPU
		{EA5A2EFE-DE41-48CE-86C4-B1C87AA0CAB9}.Release|Any CPU.Build.0 = Release|Any CPU
		{6E843CFB-66A9-48C8-A610-3CF9A666E9E0}.Debug|Any CPU.ActiveCfg = Debug|Any CPU
		{6E843CFB-66A9-48C8-A610-3CF9A666E9E0}.Debug|Any CPU.Build.0 = Debug|Any CPU
		{6E843CFB-66A9-48C8-A610-3CF9A666E9E0}.Release|Any CPU.ActiveCfg = Release|Any CPU
		{6E843CFB-66A9-48C8-A610-3CF9A666E9E0}.Release|Any CPU.Build.0 = Release|Any CPU
		{E072F423-352C-40AE-B2B0-D8D7089E7A8D}.Debug|Any CPU.ActiveCfg = Debug|Any CPU
		{E072F423-352C-40AE-B2B0-D8D7089E7A8D}.Debug|Any CPU.Build.0 = Debug|Any CPU
		{E072F423-352C-40AE-B2B0-D8D7089E7A8D}.Release|Any CPU.ActiveCfg = Release|Any CPU
		{E072F423-352C-40AE-B2B0-D8D7089E7A8D}.Release|Any CPU.Build.0 = Release|Any CPU
		{510ABFEE-4F82-4952-8D95-AD38307AA795}.Debug|Any CPU.ActiveCfg = Debug|Any CPU
		{510ABFEE-4F82-4952-8D95-AD38307AA795}.Debug|Any CPU.Build.0 = Debug|Any CPU
		{510ABFEE-4F82-4952-8D95-AD38307AA795}.Release|Any CPU.ActiveCfg = Release|Any CPU
		{510ABFEE-4F82-4952-8D95-AD38307AA795}.Release|Any CPU.Build.0 = Release|Any CPU
		{DBDADAE8-BD2C-421D-9204-1E7C8E6ABCB2}.Debug|Any CPU.ActiveCfg = Debug|Any CPU
		{DBDADAE8-BD2C-421D-9204-1E7C8E6ABCB2}.Debug|Any CPU.Build.0 = Debug|Any CPU
		{DBDADAE8-BD2C-421D-9204-1E7C8E6ABCB2}.Release|Any CPU.ActiveCfg = Release|Any CPU
		{DBDADAE8-BD2C-421D-9204-1E7C8E6ABCB2}.Release|Any CPU.Build.0 = Release|Any CPU
		{BF536C5B-7877-4774-83BA-6725B66902DE}.Debug|Any CPU.ActiveCfg = Debug|Any CPU
		{BF536C5B-7877-4774-83BA-6725B66902DE}.Debug|Any CPU.Build.0 = Debug|Any CPU
		{BF536C5B-7877-4774-83BA-6725B66902DE}.Release|Any CPU.ActiveCfg = Release|Any CPU
		{BF536C5B-7877-4774-83BA-6725B66902DE}.Release|Any CPU.Build.0 = Release|Any CPU
		{FAA1A0EE-C1B2-4BF7-9511-75990A007E83}.Debug|Any CPU.ActiveCfg = Debug|Any CPU
		{FAA1A0EE-C1B2-4BF7-9511-75990A007E83}.Debug|Any CPU.Build.0 = Debug|Any CPU
		{FAA1A0EE-C1B2-4BF7-9511-75990A007E83}.Release|Any CPU.ActiveCfg = Release|Any CPU
		{FAA1A0EE-C1B2-4BF7-9511-75990A007E83}.Release|Any CPU.Build.0 = Release|Any CPU
		{ABC38414-BD8C-4EC7-A2E9-0A656B0DC201}.Debug|Any CPU.ActiveCfg = Debug|Any CPU
		{ABC38414-BD8C-4EC7-A2E9-0A656B0DC201}.Debug|Any CPU.Build.0 = Debug|Any CPU
		{ABC38414-BD8C-4EC7-A2E9-0A656B0DC201}.Release|Any CPU.ActiveCfg = Release|Any CPU
		{ABC38414-BD8C-4EC7-A2E9-0A656B0DC201}.Release|Any CPU.Build.0 = Release|Any CPU
		{D4A88FC3-73AA-4D90-8D91-158C655CA4FD}.Debug|Any CPU.ActiveCfg = Debug|Any CPU
		{D4A88FC3-73AA-4D90-8D91-158C655CA4FD}.Debug|Any CPU.Build.0 = Debug|Any CPU
		{D4A88FC3-73AA-4D90-8D91-158C655CA4FD}.Release|Any CPU.ActiveCfg = Release|Any CPU
		{D4A88FC3-73AA-4D90-8D91-158C655CA4FD}.Release|Any CPU.Build.0 = Release|Any CPU
		{BCD3B063-1FEA-4769-AF88-8F0ED4B65CA5}.Debug|Any CPU.ActiveCfg = Debug|Any CPU
		{BCD3B063-1FEA-4769-AF88-8F0ED4B65CA5}.Debug|Any CPU.Build.0 = Debug|Any CPU
		{BCD3B063-1FEA-4769-AF88-8F0ED4B65CA5}.Release|Any CPU.ActiveCfg = Release|Any CPU
		{BCD3B063-1FEA-4769-AF88-8F0ED4B65CA5}.Release|Any CPU.Build.0 = Release|Any CPU
		{812A4A70-924B-4F2E-BF5E-4C62EEEAD580}.Debug|Any CPU.ActiveCfg = Debug|Any CPU
		{812A4A70-924B-4F2E-BF5E-4C62EEEAD580}.Debug|Any CPU.Build.0 = Debug|Any CPU
		{812A4A70-924B-4F2E-BF5E-4C62EEEAD580}.Release|Any CPU.ActiveCfg = Release|Any CPU
		{812A4A70-924B-4F2E-BF5E-4C62EEEAD580}.Release|Any CPU.Build.0 = Release|Any CPU
		{650172C0-EE4C-499C-BD74-DC045A93E4D0}.Debug|Any CPU.ActiveCfg = Debug|Any CPU
		{650172C0-EE4C-499C-BD74-DC045A93E4D0}.Debug|Any CPU.Build.0 = Debug|Any CPU
		{650172C0-EE4C-499C-BD74-DC045A93E4D0}.Release|Any CPU.ActiveCfg = Release|Any CPU
		{650172C0-EE4C-499C-BD74-DC045A93E4D0}.Release|Any CPU.Build.0 = Release|Any CPU
		{29DD0E40-F19C-46A4-92F8-A6ECC468D925}.Debug|Any CPU.ActiveCfg = Debug|Any CPU
		{29DD0E40-F19C-46A4-92F8-A6ECC468D925}.Debug|Any CPU.Build.0 = Debug|Any CPU
		{29DD0E40-F19C-46A4-92F8-A6ECC468D925}.Release|Any CPU.ActiveCfg = Release|Any CPU
		{29DD0E40-F19C-46A4-92F8-A6ECC468D925}.Release|Any CPU.Build.0 = Release|Any CPU
		{45191BC7-27DC-4DEB-8FE4-D27BACE5B6FB}.Debug|Any CPU.ActiveCfg = Debug|Any CPU
		{45191BC7-27DC-4DEB-8FE4-D27BACE5B6FB}.Debug|Any CPU.Build.0 = Debug|Any CPU
		{45191BC7-27DC-4DEB-8FE4-D27BACE5B6FB}.Release|Any CPU.ActiveCfg = Release|Any CPU
		{45191BC7-27DC-4DEB-8FE4-D27BACE5B6FB}.Release|Any CPU.Build.0 = Release|Any CPU
		{BCE69B1A-2598-4DF4-822B-F3BB6ECBEA95}.Debug|Any CPU.ActiveCfg = Debug|Any CPU
		{BCE69B1A-2598-4DF4-822B-F3BB6ECBEA95}.Debug|Any CPU.Build.0 = Debug|Any CPU
		{BCE69B1A-2598-4DF4-822B-F3BB6ECBEA95}.Release|Any CPU.ActiveCfg = Release|Any CPU
		{BCE69B1A-2598-4DF4-822B-F3BB6ECBEA95}.Release|Any CPU.Build.0 = Release|Any CPU
		{A5387234-893D-4913-823F-72C3F8266973}.Debug|Any CPU.ActiveCfg = Debug|Any CPU
		{A5387234-893D-4913-823F-72C3F8266973}.Debug|Any CPU.Build.0 = Debug|Any CPU
		{A5387234-893D-4913-823F-72C3F8266973}.Release|Any CPU.ActiveCfg = Release|Any CPU
		{A5387234-893D-4913-823F-72C3F8266973}.Release|Any CPU.Build.0 = Release|Any CPU
		{1DA1738C-2498-402B-8898-5C952289274D}.Debug|Any CPU.ActiveCfg = Debug|Any CPU
		{1DA1738C-2498-402B-8898-5C952289274D}.Debug|Any CPU.Build.0 = Debug|Any CPU
		{1DA1738C-2498-402B-8898-5C952289274D}.Release|Any CPU.ActiveCfg = Release|Any CPU
		{1DA1738C-2498-402B-8898-5C952289274D}.Release|Any CPU.Build.0 = Release|Any CPU
		{71C6CF09-AF7D-4F71-9FC5-DF0023CB15EC}.Debug|Any CPU.ActiveCfg = Debug|Any CPU
		{71C6CF09-AF7D-4F71-9FC5-DF0023CB15EC}.Debug|Any CPU.Build.0 = Debug|Any CPU
		{71C6CF09-AF7D-4F71-9FC5-DF0023CB15EC}.Release|Any CPU.ActiveCfg = Release|Any CPU
		{71C6CF09-AF7D-4F71-9FC5-DF0023CB15EC}.Release|Any CPU.Build.0 = Release|Any CPU
		{1DC5C0C8-0EA9-4F1A-9065-8B907CCC4485}.Debug|Any CPU.ActiveCfg = Debug|Any CPU
		{1DC5C0C8-0EA9-4F1A-9065-8B907CCC4485}.Debug|Any CPU.Build.0 = Debug|Any CPU
		{1DC5C0C8-0EA9-4F1A-9065-8B907CCC4485}.Release|Any CPU.ActiveCfg = Release|Any CPU
		{1DC5C0C8-0EA9-4F1A-9065-8B907CCC4485}.Release|Any CPU.Build.0 = Release|Any CPU
	EndGlobalSection
	GlobalSection(SolutionProperties) = preSolution
		HideSolutionNode = FALSE
	EndGlobalSection
	GlobalSection(NestedProjects) = preSolution
		{5FF7EEEF-44DD-4604-B6A0-A57A0DB59410} = {5EF0066D-80A8-4D8A-8686-C1DF88169A59}
		{F5D6B5FD-F688-430D-A22B-03189FD1FCE7} = {5EF0066D-80A8-4D8A-8686-C1DF88169A59}
		{C22897B5-9CC4-43BA-BCAA-83325826E08E} = {57554EE4-2DC2-4E0E-8A36-65D79998140A}
		{BB536AC9-42D3-4997-902C-BE30E4134F76} = {82AB223C-485A-4B07-9227-695D5AC5768C}
		{EA5A2EFE-DE41-48CE-86C4-B1C87AA0CAB9} = {57554EE4-2DC2-4E0E-8A36-65D79998140A}
		{6E843CFB-66A9-48C8-A610-3CF9A666E9E0} = {5EF0066D-80A8-4D8A-8686-C1DF88169A59}
		{97C4E3F5-C778-45F5-A15E-7C254B512147} = {82AB223C-485A-4B07-9227-695D5AC5768C}
		{E072F423-352C-40AE-B2B0-D8D7089E7A8D} = {6AB37841-6F22-4F6D-93CF-5DF0F8B06DAA}
		{510ABFEE-4F82-4952-8D95-AD38307AA795} = {6AB37841-6F22-4F6D-93CF-5DF0F8B06DAA}
		{DBDADAE8-BD2C-421D-9204-1E7C8E6ABCB2} = {6AB37841-6F22-4F6D-93CF-5DF0F8B06DAA}
		{BF536C5B-7877-4774-83BA-6725B66902DE} = {6AB37841-6F22-4F6D-93CF-5DF0F8B06DAA}
		{FAA1A0EE-C1B2-4BF7-9511-75990A007E83} = {BA3CEB18-8ACF-4E79-BC53-1524C82E7CE4}
		{ABC38414-BD8C-4EC7-A2E9-0A656B0DC201} = {97C4E3F5-C778-45F5-A15E-7C254B512147}
		{D4A88FC3-73AA-4D90-8D91-158C655CA4FD} = {57554EE4-2DC2-4E0E-8A36-65D79998140A}
		{BCD3B063-1FEA-4769-AF88-8F0ED4B65CA5} = {97C4E3F5-C778-45F5-A15E-7C254B512147}
		{812A4A70-924B-4F2E-BF5E-4C62EEEAD580} = {97C4E3F5-C778-45F5-A15E-7C254B512147}
		{650172C0-EE4C-499C-BD74-DC045A93E4D0} = {97C4E3F5-C778-45F5-A15E-7C254B512147}
		{29DD0E40-F19C-46A4-92F8-A6ECC468D925} = {97C4E3F5-C778-45F5-A15E-7C254B512147}
		{45191BC7-27DC-4DEB-8FE4-D27BACE5B6FB} = {97C4E3F5-C778-45F5-A15E-7C254B512147}
		{BCE69B1A-2598-4DF4-822B-F3BB6ECBEA95} = {4E00C64B-195F-4190-BBD2-79AF445AB4A9}
		{A5387234-893D-4913-823F-72C3F8266973} = {1925735B-E2D0-4D7F-9A13-59DBD53B4EC8}
		{1DA1738C-2498-402B-8898-5C952289274D} = {4E00C64B-195F-4190-BBD2-79AF445AB4A9}
		{71C6CF09-AF7D-4F71-9FC5-DF0023CB15EC} = {4E00C64B-195F-4190-BBD2-79AF445AB4A9}
		{1DC5C0C8-0EA9-4F1A-9065-8B907CCC4485} = {4E00C64B-195F-4190-BBD2-79AF445AB4A9}
	EndGlobalSection
EndGlobal
